// !$*UTF8*$!
{
	archiveVersion = 1;
	classes = {
	};
	objectVersion = 56;
	objects = {

/* Begin PBXBuildFile section */
		123B95182B9F5EE600AB5943 /* EventsPage.swift in Sources */ = {isa = PBXBuildFile; fileRef = 123B95172B9F5EE600AB5943 /* EventsPage.swift */; };
		126AF2952B9A6D9000ECF01F /* AllEventsPage.swift in Sources */ = {isa = PBXBuildFile; fileRef = 126AF2942B9A6D9000ECF01F /* AllEventsPage.swift */; };
		126AF2972B9A740800ECF01F /* PublicEvents.swift in Sources */ = {isa = PBXBuildFile; fileRef = 126AF2962B9A740800ECF01F /* PublicEvents.swift */; };
		126AF2992B9AB8D000ECF01F /* ClubEvents.swift in Sources */ = {isa = PBXBuildFile; fileRef = 126AF2982B9AB8D000ECF01F /* ClubEvents.swift */; };
		76E964CB2B18D69000A9A09A /* building.swift in Sources */ = {isa = PBXBuildFile; fileRef = 76E964C72B18D69000A9A09A /* building.swift */; };
		76E964CC2B18D69000A9A09A /* graph.swift in Sources */ = {isa = PBXBuildFile; fileRef = 76E964C82B18D69000A9A09A /* graph.swift */; };
		76E964CD2B18D69000A9A09A /* backend_main.swift in Sources */ = {isa = PBXBuildFile; fileRef = 76E964C92B18D69000A9A09A /* backend_main.swift */; };
		76E964CE2B18D69000A9A09A /* graphElements.swift in Sources */ = {isa = PBXBuildFile; fileRef = 76E964CA2B18D69000A9A09A /* graphElements.swift */; };
		8620C77F2BBDEF1400E580C8 /* InboxItem.swift in Sources */ = {isa = PBXBuildFile; fileRef = 8620C77E2BBDEF1400E580C8 /* InboxItem.swift */; };
		8620C7812BBDEF3200E580C8 /* MessagesViewModel.swift in Sources */ = {isa = PBXBuildFile; fileRef = 8620C7802BBDEF3200E580C8 /* MessagesViewModel.swift */; };
		8620C7872BBDF1DB00E580C8 /* SwipeActionView.swift in Sources */ = {isa = PBXBuildFile; fileRef = 8620C7862BBDF1DB00E580C8 /* SwipeActionView.swift */; };
		8620C7892BBDF22B00E580C8 /* InboxItemView.swift in Sources */ = {isa = PBXBuildFile; fileRef = 8620C7882BBDF22B00E580C8 /* InboxItemView.swift */; };
		86AF5C442B9AD73700D128D9 /* EventList.swift in Sources */ = {isa = PBXBuildFile; fileRef = 86AF5C432B9AD73700D128D9 /* EventList.swift */; };
		B9677C192B21DB2A00EFC218 /* QRCodeScannerView.swift in Sources */ = {isa = PBXBuildFile; fileRef = B9677C182B21DB2A00EFC218 /* QRCodeScannerView.swift */; };
		CA5F842C2AE87A010074301B /* ar_viewApp.swift in Sources */ = {isa = PBXBuildFile; fileRef = CA5F842B2AE87A010074301B /* ar_viewApp.swift */; };
		CA5F842E2AE87A010074301B /* ContentView.swift in Sources */ = {isa = PBXBuildFile; fileRef = CA5F842D2AE87A010074301B /* ContentView.swift */; };
		CA5F84302AE87A030074301B /* Assets.xcassets in Resources */ = {isa = PBXBuildFile; fileRef = CA5F842F2AE87A030074301B /* Assets.xcassets */; };
		CA5F84332AE87A030074301B /* Preview Assets.xcassets in Resources */ = {isa = PBXBuildFile; fileRef = CA5F84322AE87A030074301B /* Preview Assets.xcassets */; };
		CA5F843D2AE87A030074301B /* ar_viewTests.swift in Sources */ = {isa = PBXBuildFile; fileRef = CA5F843C2AE87A030074301B /* ar_viewTests.swift */; };
		CA5F84472AE87A030074301B /* ar_viewUITests.swift in Sources */ = {isa = PBXBuildFile; fileRef = CA5F84462AE87A030074301B /* ar_viewUITests.swift */; };
		CA5F84492AE87A030074301B /* ar_viewUITestsLaunchTests.swift in Sources */ = {isa = PBXBuildFile; fileRef = CA5F84482AE87A030074301B /* ar_viewUITestsLaunchTests.swift */; };
		CA5F84572AE87A7D0074301B /* CustomARView.swift in Sources */ = {isa = PBXBuildFile; fileRef = CA5F84562AE87A7D0074301B /* CustomARView.swift */; };
		CA5F84592AE87AFB0074301B /* CustomARViewRep.swift in Sources */ = {isa = PBXBuildFile; fileRef = CA5F84582AE87AFB0074301B /* CustomARViewRep.swift */; };
		CA72D36D2B1E9B23003F6C4C /* ARNavView.swift in Sources */ = {isa = PBXBuildFile; fileRef = CA72D36C2B1E9B23003F6C4C /* ARNavView.swift */; };
		CAE12A4B2AE9BE330013660E /* Arrow.usdz in Resources */ = {isa = PBXBuildFile; fileRef = CAE12A4A2AE9BE330013660E /* Arrow.usdz */; };
		F00C1A9A2B93A64000684DBA /* Room.scn in Resources */ = {isa = PBXBuildFile; fileRef = F00C1A992B93A64000684DBA /* Room.scn */; };
		F00E7E6A2BAB53970085CB6A /* SSToastMessage in Frameworks */ = {isa = PBXBuildFile; productRef = F00E7E692BAB53970085CB6A /* SSToastMessage */; };
		F07B13272B9C090C0051763C /* CalendarVC.swift in Sources */ = {isa = PBXBuildFile; fileRef = F07B13262B9C090C0051763C /* CalendarVC.swift */; };
		F07B132B2B9C0B110051763C /* CalendarKit in Frameworks */ = {isa = PBXBuildFile; productRef = F07B132A2B9C0B110051763C /* CalendarKit */; };
/* End PBXBuildFile section */

/* Begin PBXContainerItemProxy section */
		CA5F84392AE87A030074301B /* PBXContainerItemProxy */ = {
			isa = PBXContainerItemProxy;
			containerPortal = CA5F84202AE87A010074301B /* Project object */;
			proxyType = 1;
			remoteGlobalIDString = CA5F84272AE87A010074301B;
			remoteInfo = ar_view;
		};
		CA5F84432AE87A030074301B /* PBXContainerItemProxy */ = {
			isa = PBXContainerItemProxy;
			containerPortal = CA5F84202AE87A010074301B /* Project object */;
			proxyType = 1;
			remoteGlobalIDString = CA5F84272AE87A010074301B;
			remoteInfo = ar_view;
		};
/* End PBXContainerItemProxy section */

/* Begin PBXFileReference section */
		123B95172B9F5EE600AB5943 /* EventsPage.swift */ = {isa = PBXFileReference; lastKnownFileType = sourcecode.swift; path = EventsPage.swift; sourceTree = "<group>"; };
		126AF2942B9A6D9000ECF01F /* AllEventsPage.swift */ = {isa = PBXFileReference; lastKnownFileType = sourcecode.swift; name = AllEventsPage.swift; path = ../AllEventsPage.swift; sourceTree = "<group>"; };
		126AF2962B9A740800ECF01F /* PublicEvents.swift */ = {isa = PBXFileReference; lastKnownFileType = sourcecode.swift; name = PublicEvents.swift; path = ../PublicEvents.swift; sourceTree = "<group>"; };
		126AF2982B9AB8D000ECF01F /* ClubEvents.swift */ = {isa = PBXFileReference; lastKnownFileType = sourcecode.swift; name = ClubEvents.swift; path = ../ClubEvents.swift; sourceTree = "<group>"; };
		76E964C72B18D69000A9A09A /* building.swift */ = {isa = PBXFileReference; fileEncoding = 4; lastKnownFileType = sourcecode.swift; path = building.swift; sourceTree = "<group>"; };
		76E964C82B18D69000A9A09A /* graph.swift */ = {isa = PBXFileReference; fileEncoding = 4; lastKnownFileType = sourcecode.swift; path = graph.swift; sourceTree = "<group>"; };
		76E964C92B18D69000A9A09A /* backend_main.swift */ = {isa = PBXFileReference; fileEncoding = 4; lastKnownFileType = sourcecode.swift; path = backend_main.swift; sourceTree = "<group>"; };
		76E964CA2B18D69000A9A09A /* graphElements.swift */ = {isa = PBXFileReference; fileEncoding = 4; lastKnownFileType = sourcecode.swift; path = graphElements.swift; sourceTree = "<group>"; };
		8620C77E2BBDEF1400E580C8 /* InboxItem.swift */ = {isa = PBXFileReference; lastKnownFileType = sourcecode.swift; path = InboxItem.swift; sourceTree = "<group>"; };
		8620C7802BBDEF3200E580C8 /* MessagesViewModel.swift */ = {isa = PBXFileReference; lastKnownFileType = sourcecode.swift; path = MessagesViewModel.swift; sourceTree = "<group>"; };
		8620C7862BBDF1DB00E580C8 /* SwipeActionView.swift */ = {isa = PBXFileReference; lastKnownFileType = sourcecode.swift; path = SwipeActionView.swift; sourceTree = "<group>"; };
		8620C7882BBDF22B00E580C8 /* InboxItemView.swift */ = {isa = PBXFileReference; lastKnownFileType = sourcecode.swift; path = InboxItemView.swift; sourceTree = "<group>"; };
		86AF5C432B9AD73700D128D9 /* EventList.swift */ = {isa = PBXFileReference; lastKnownFileType = sourcecode.swift; path = EventList.swift; sourceTree = "<group>"; };
		B9677C182B21DB2A00EFC218 /* QRCodeScannerView.swift */ = {isa = PBXFileReference; lastKnownFileType = sourcecode.swift; path = QRCodeScannerView.swift; sourceTree = "<group>"; };
		CA5F84282AE87A010074301B /* ar_view.app */ = {isa = PBXFileReference; explicitFileType = wrapper.application; includeInIndex = 0; path = ar_view.app; sourceTree = BUILT_PRODUCTS_DIR; };
		CA5F842B2AE87A010074301B /* ar_viewApp.swift */ = {isa = PBXFileReference; lastKnownFileType = sourcecode.swift; path = ar_viewApp.swift; sourceTree = "<group>"; };
		CA5F842D2AE87A010074301B /* ContentView.swift */ = {isa = PBXFileReference; lastKnownFileType = sourcecode.swift; path = ContentView.swift; sourceTree = "<group>"; };
		CA5F842F2AE87A030074301B /* Assets.xcassets */ = {isa = PBXFileReference; lastKnownFileType = folder.assetcatalog; path = Assets.xcassets; sourceTree = "<group>"; };
		CA5F84322AE87A030074301B /* Preview Assets.xcassets */ = {isa = PBXFileReference; lastKnownFileType = folder.assetcatalog; path = "Preview Assets.xcassets"; sourceTree = "<group>"; };
		CA5F84382AE87A030074301B /* ar_viewTests.xctest */ = {isa = PBXFileReference; explicitFileType = wrapper.cfbundle; includeInIndex = 0; path = ar_viewTests.xctest; sourceTree = BUILT_PRODUCTS_DIR; };
		CA5F843C2AE87A030074301B /* ar_viewTests.swift */ = {isa = PBXFileReference; lastKnownFileType = sourcecode.swift; path = ar_viewTests.swift; sourceTree = "<group>"; };
		CA5F84422AE87A030074301B /* ar_viewUITests.xctest */ = {isa = PBXFileReference; explicitFileType = wrapper.cfbundle; includeInIndex = 0; path = ar_viewUITests.xctest; sourceTree = BUILT_PRODUCTS_DIR; };
		CA5F84462AE87A030074301B /* ar_viewUITests.swift */ = {isa = PBXFileReference; lastKnownFileType = sourcecode.swift; path = ar_viewUITests.swift; sourceTree = "<group>"; };
		CA5F84482AE87A030074301B /* ar_viewUITestsLaunchTests.swift */ = {isa = PBXFileReference; lastKnownFileType = sourcecode.swift; path = ar_viewUITestsLaunchTests.swift; sourceTree = "<group>"; };
		CA5F84562AE87A7D0074301B /* CustomARView.swift */ = {isa = PBXFileReference; lastKnownFileType = sourcecode.swift; path = CustomARView.swift; sourceTree = "<group>"; };
		CA5F84582AE87AFB0074301B /* CustomARViewRep.swift */ = {isa = PBXFileReference; lastKnownFileType = sourcecode.swift; path = CustomARViewRep.swift; sourceTree = "<group>"; };
		CA72D36C2B1E9B23003F6C4C /* ARNavView.swift */ = {isa = PBXFileReference; fileEncoding = 4; lastKnownFileType = sourcecode.swift; path = ARNavView.swift; sourceTree = "<group>"; };
		CAE12A4A2AE9BE330013660E /* Arrow.usdz */ = {isa = PBXFileReference; lastKnownFileType = file.usdz; name = Arrow.usdz; path = ar_view/Arrow.usdz; sourceTree = SOURCE_ROOT; };
		F00C1A992B93A64000684DBA /* Room.scn */ = {isa = PBXFileReference; lastKnownFileType = file.bplist; path = Room.scn; sourceTree = "<group>"; };
		F07B13262B9C090C0051763C /* CalendarVC.swift */ = {isa = PBXFileReference; lastKnownFileType = sourcecode.swift; path = CalendarVC.swift; sourceTree = "<group>"; };
/* End PBXFileReference section */

/* Begin PBXFrameworksBuildPhase section */
		CA5F84252AE87A010074301B /* Frameworks */ = {
			isa = PBXFrameworksBuildPhase;
			buildActionMask = 2147483647;
			files = (
				F00E7E6A2BAB53970085CB6A /* SSToastMessage in Frameworks */,
				F07B132B2B9C0B110051763C /* CalendarKit in Frameworks */,
			);
			runOnlyForDeploymentPostprocessing = 0;
		};
		CA5F84352AE87A030074301B /* Frameworks */ = {
			isa = PBXFrameworksBuildPhase;
			buildActionMask = 2147483647;
			files = (
			);
			runOnlyForDeploymentPostprocessing = 0;
		};
		CA5F843F2AE87A030074301B /* Frameworks */ = {
			isa = PBXFrameworksBuildPhase;
			buildActionMask = 2147483647;
			files = (
			);
			runOnlyForDeploymentPostprocessing = 0;
		};
/* End PBXFrameworksBuildPhase section */

/* Begin PBXGroup section */
		123B95162B9F5E8900AB5943 /* EventsPages */ = {
			isa = PBXGroup;
			children = (
				126AF2942B9A6D9000ECF01F /* AllEventsPage.swift */,
				126AF2982B9AB8D000ECF01F /* ClubEvents.swift */,
				86AF5C432B9AD73700D128D9 /* EventList.swift */,
				126AF2962B9A740800ECF01F /* PublicEvents.swift */,
				123B95172B9F5EE600AB5943 /* EventsPage.swift */,
				F07B13262B9C090C0051763C /* CalendarVC.swift */,
				8620C7862BBDF1DB00E580C8 /* SwipeActionView.swift */,
				8620C7882BBDF22B00E580C8 /* InboxItemView.swift */,
			);
			path = EventsPages;
			sourceTree = "<group>";
		};
		76E964C62B18D67500A9A09A /* backend */ = {
			isa = PBXGroup;
			children = (
				76E964C72B18D69000A9A09A /* building.swift */,
				76E964C82B18D69000A9A09A /* graph.swift */,
				76E964CA2B18D69000A9A09A /* graphElements.swift */,
				76E964C92B18D69000A9A09A /* backend_main.swift */,
			);
			path = backend;
			sourceTree = "<group>";
		};
		8620C77C2BBDEEE100E580C8 /* ViewModel */ = {
			isa = PBXGroup;
			children = (
				8620C7802BBDEF3200E580C8 /* MessagesViewModel.swift */,
			);
			path = ViewModel;
			sourceTree = "<group>";
		};
		8620C77D2BBDEEEF00E580C8 /* Model */ = {
			isa = PBXGroup;
			children = (
				8620C77E2BBDEF1400E580C8 /* InboxItem.swift */,
			);
			path = Model;
			sourceTree = "<group>";
		};
		CA5F841F2AE87A010074301B = {
			isa = PBXGroup;
			children = (
				F00C1A992B93A64000684DBA /* Room.scn */,
				CA5F842A2AE87A010074301B /* ar_view */,
				CA5F843B2AE87A030074301B /* ar_viewTests */,
				CA5F84452AE87A030074301B /* ar_viewUITests */,
				CA5F84292AE87A010074301B /* Products */,
				F07B13292B9C0B110051763C /* Frameworks */,
			);
			sourceTree = "<group>";
		};
		CA5F84292AE87A010074301B /* Products */ = {
			isa = PBXGroup;
			children = (
				CA5F84282AE87A010074301B /* ar_view.app */,
				CA5F84382AE87A030074301B /* ar_viewTests.xctest */,
				CA5F84422AE87A030074301B /* ar_viewUITests.xctest */,
			);
			name = Products;
			sourceTree = "<group>";
		};
		CA5F842A2AE87A010074301B /* ar_view */ = {
			isa = PBXGroup;
			children = (
				CAE12A4A2AE9BE330013660E /* Arrow.usdz */,
				CA5F84552AE87A5A0074301B /* Feature Targets */,
				CA5F842B2AE87A010074301B /* ar_viewApp.swift */,
				CA5F842F2AE87A030074301B /* Assets.xcassets */,
				CA5F84312AE87A030074301B /* Preview Content */,
			);
			path = ar_view;
			sourceTree = "<group>";
		};
		CA5F84312AE87A030074301B /* Preview Content */ = {
			isa = PBXGroup;
			children = (
				CA5F84322AE87A030074301B /* Preview Assets.xcassets */,
			);
			path = "Preview Content";
			sourceTree = "<group>";
		};
		CA5F843B2AE87A030074301B /* ar_viewTests */ = {
			isa = PBXGroup;
			children = (
				CA5F843C2AE87A030074301B /* ar_viewTests.swift */,
			);
			path = ar_viewTests;
			sourceTree = "<group>";
		};
		CA5F84452AE87A030074301B /* ar_viewUITests */ = {
			isa = PBXGroup;
			children = (
				CA5F84462AE87A030074301B /* ar_viewUITests.swift */,
				CA5F84482AE87A030074301B /* ar_viewUITestsLaunchTests.swift */,
			);
			path = ar_viewUITests;
			sourceTree = "<group>";
		};
		CA5F84552AE87A5A0074301B /* Feature Targets */ = {
			isa = PBXGroup;
			children = (
				8620C77D2BBDEEEF00E580C8 /* Model */,
				8620C77C2BBDEEE100E580C8 /* ViewModel */,
				76E964C62B18D67500A9A09A /* backend */,
				CA72D36C2B1E9B23003F6C4C /* ARNavView.swift */,
				CA5F84562AE87A7D0074301B /* CustomARView.swift */,
				CA5F842D2AE87A010074301B /* ContentView.swift */,
				CA5F84582AE87AFB0074301B /* CustomARViewRep.swift */,
				B9677C182B21DB2A00EFC218 /* QRCodeScannerView.swift */,
				123B95162B9F5E8900AB5943 /* EventsPages */,
			);
			path = "Feature Targets";
			sourceTree = "<group>";
		};
		F07B13292B9C0B110051763C /* Frameworks */ = {
			isa = PBXGroup;
			children = (
			);
			name = Frameworks;
			sourceTree = "<group>";
		};
/* End PBXGroup section */

/* Begin PBXNativeTarget section */
		CA5F84272AE87A010074301B /* ar_view */ = {
			isa = PBXNativeTarget;
			buildConfigurationList = CA5F844C2AE87A030074301B /* Build configuration list for PBXNativeTarget "ar_view" */;
			buildPhases = (
				CA5F84242AE87A010074301B /* Sources */,
				CA5F84252AE87A010074301B /* Frameworks */,
				CA5F84262AE87A010074301B /* Resources */,
			);
			buildRules = (
			);
			dependencies = (
			);
			name = ar_view;
			packageProductDependencies = (
				F07B132A2B9C0B110051763C /* CalendarKit */,
				F00E7E692BAB53970085CB6A /* SSToastMessage */,
			);
			productName = ar_view;
			productReference = CA5F84282AE87A010074301B /* ar_view.app */;
			productType = "com.apple.product-type.application";
		};
		CA5F84372AE87A030074301B /* ar_viewTests */ = {
			isa = PBXNativeTarget;
			buildConfigurationList = CA5F844F2AE87A030074301B /* Build configuration list for PBXNativeTarget "ar_viewTests" */;
			buildPhases = (
				CA5F84342AE87A030074301B /* Sources */,
				CA5F84352AE87A030074301B /* Frameworks */,
				CA5F84362AE87A030074301B /* Resources */,
			);
			buildRules = (
			);
			dependencies = (
				CA5F843A2AE87A030074301B /* PBXTargetDependency */,
			);
			name = ar_viewTests;
			productName = ar_viewTests;
			productReference = CA5F84382AE87A030074301B /* ar_viewTests.xctest */;
			productType = "com.apple.product-type.bundle.unit-test";
		};
		CA5F84412AE87A030074301B /* ar_viewUITests */ = {
			isa = PBXNativeTarget;
			buildConfigurationList = CA5F84522AE87A030074301B /* Build configuration list for PBXNativeTarget "ar_viewUITests" */;
			buildPhases = (
				CA5F843E2AE87A030074301B /* Sources */,
				CA5F843F2AE87A030074301B /* Frameworks */,
				CA5F84402AE87A030074301B /* Resources */,
			);
			buildRules = (
			);
			dependencies = (
				CA5F84442AE87A030074301B /* PBXTargetDependency */,
			);
			name = ar_viewUITests;
			productName = ar_viewUITests;
			productReference = CA5F84422AE87A030074301B /* ar_viewUITests.xctest */;
			productType = "com.apple.product-type.bundle.ui-testing";
		};
/* End PBXNativeTarget section */

/* Begin PBXProject section */
		CA5F84202AE87A010074301B /* Project object */ = {
			isa = PBXProject;
			attributes = {
				BuildIndependentTargetsInParallel = 1;
				LastSwiftUpdateCheck = 1500;
				LastUpgradeCheck = 1500;
				TargetAttributes = {
					CA5F84272AE87A010074301B = {
						CreatedOnToolsVersion = 15.0.1;
					};
					CA5F84372AE87A030074301B = {
						CreatedOnToolsVersion = 15.0.1;
						TestTargetID = CA5F84272AE87A010074301B;
					};
					CA5F84412AE87A030074301B = {
						CreatedOnToolsVersion = 15.0.1;
						TestTargetID = CA5F84272AE87A010074301B;
					};
				};
			};
			buildConfigurationList = CA5F84232AE87A010074301B /* Build configuration list for PBXProject "ar_view" */;
			compatibilityVersion = "Xcode 14.0";
			developmentRegion = en;
			hasScannedForEncodings = 0;
			knownRegions = (
				en,
				Base,
			);
			mainGroup = CA5F841F2AE87A010074301B;
			packageReferences = (
				F07B13282B9C0A150051763C /* XCRemoteSwiftPackageReference "CalendarKit" */,
				F00E7E682BAB53970085CB6A /* XCRemoteSwiftPackageReference "SSToastMessage" */,
			);
			productRefGroup = CA5F84292AE87A010074301B /* Products */;
			projectDirPath = "";
			projectRoot = "";
			targets = (
				CA5F84272AE87A010074301B /* ar_view */,
				CA5F84372AE87A030074301B /* ar_viewTests */,
				CA5F84412AE87A030074301B /* ar_viewUITests */,
			);
		};
/* End PBXProject section */

/* Begin PBXResourcesBuildPhase section */
		CA5F84262AE87A010074301B /* Resources */ = {
			isa = PBXResourcesBuildPhase;
			buildActionMask = 2147483647;
			files = (
				CA5F84332AE87A030074301B /* Preview Assets.xcassets in Resources */,
				F00C1A9A2B93A64000684DBA /* Room.scn in Resources */,
				CA5F84302AE87A030074301B /* Assets.xcassets in Resources */,
				CAE12A4B2AE9BE330013660E /* Arrow.usdz in Resources */,
			);
			runOnlyForDeploymentPostprocessing = 0;
		};
		CA5F84362AE87A030074301B /* Resources */ = {
			isa = PBXResourcesBuildPhase;
			buildActionMask = 2147483647;
			files = (
			);
			runOnlyForDeploymentPostprocessing = 0;
		};
		CA5F84402AE87A030074301B /* Resources */ = {
			isa = PBXResourcesBuildPhase;
			buildActionMask = 2147483647;
			files = (
			);
			runOnlyForDeploymentPostprocessing = 0;
		};
/* End PBXResourcesBuildPhase section */

/* Begin PBXSourcesBuildPhase section */
		CA5F84242AE87A010074301B /* Sources */ = {
			isa = PBXSourcesBuildPhase;
			buildActionMask = 2147483647;
			files = (
				8620C7872BBDF1DB00E580C8 /* SwipeActionView.swift in Sources */,
				8620C7812BBDEF3200E580C8 /* MessagesViewModel.swift in Sources */,
				76E964CE2B18D69000A9A09A /* graphElements.swift in Sources */,
				126AF2972B9A740800ECF01F /* PublicEvents.swift in Sources */,
				CA72D36D2B1E9B23003F6C4C /* ARNavView.swift in Sources */,
				86AF5C442B9AD73700D128D9 /* EventList.swift in Sources */,
				F07B13272B9C090C0051763C /* CalendarVC.swift in Sources */,
				76E964CC2B18D69000A9A09A /* graph.swift in Sources */,
				CA5F84592AE87AFB0074301B /* CustomARViewRep.swift in Sources */,
				76E964CD2B18D69000A9A09A /* backend_main.swift in Sources */,
				CA5F842E2AE87A010074301B /* ContentView.swift in Sources */,
				CA5F84572AE87A7D0074301B /* CustomARView.swift in Sources */,
				8620C7892BBDF22B00E580C8 /* InboxItemView.swift in Sources */,
				126AF2992B9AB8D000ECF01F /* ClubEvents.swift in Sources */,
				76E964CB2B18D69000A9A09A /* building.swift in Sources */,
				CA5F842C2AE87A010074301B /* ar_viewApp.swift in Sources */,
				123B95182B9F5EE600AB5943 /* EventsPage.swift in Sources */,
				8620C77F2BBDEF1400E580C8 /* InboxItem.swift in Sources */,
				B9677C192B21DB2A00EFC218 /* QRCodeScannerView.swift in Sources */,
				126AF2952B9A6D9000ECF01F /* AllEventsPage.swift in Sources */,
			);
			runOnlyForDeploymentPostprocessing = 0;
		};
		CA5F84342AE87A030074301B /* Sources */ = {
			isa = PBXSourcesBuildPhase;
			buildActionMask = 2147483647;
			files = (
				CA5F843D2AE87A030074301B /* ar_viewTests.swift in Sources */,
			);
			runOnlyForDeploymentPostprocessing = 0;
		};
		CA5F843E2AE87A030074301B /* Sources */ = {
			isa = PBXSourcesBuildPhase;
			buildActionMask = 2147483647;
			files = (
				CA5F84492AE87A030074301B /* ar_viewUITestsLaunchTests.swift in Sources */,
				CA5F84472AE87A030074301B /* ar_viewUITests.swift in Sources */,
			);
			runOnlyForDeploymentPostprocessing = 0;
		};
/* End PBXSourcesBuildPhase section */

/* Begin PBXTargetDependency section */
		CA5F843A2AE87A030074301B /* PBXTargetDependency */ = {
			isa = PBXTargetDependency;
			target = CA5F84272AE87A010074301B /* ar_view */;
			targetProxy = CA5F84392AE87A030074301B /* PBXContainerItemProxy */;
		};
		CA5F84442AE87A030074301B /* PBXTargetDependency */ = {
			isa = PBXTargetDependency;
			target = CA5F84272AE87A010074301B /* ar_view */;
			targetProxy = CA5F84432AE87A030074301B /* PBXContainerItemProxy */;
		};
/* End PBXTargetDependency section */

/* Begin XCBuildConfiguration section */
		CA5F844A2AE87A030074301B /* Debug */ = {
			isa = XCBuildConfiguration;
			buildSettings = {
				ALWAYS_SEARCH_USER_PATHS = NO;
				ASSETCATALOG_COMPILER_GENERATE_SWIFT_ASSET_SYMBOL_EXTENSIONS = YES;
				CLANG_ANALYZER_NONNULL = YES;
				CLANG_ANALYZER_NUMBER_OBJECT_CONVERSION = YES_AGGRESSIVE;
				CLANG_CXX_LANGUAGE_STANDARD = "gnu++20";
				CLANG_ENABLE_MODULES = YES;
				CLANG_ENABLE_OBJC_ARC = YES;
				CLANG_ENABLE_OBJC_WEAK = YES;
				CLANG_WARN_BLOCK_CAPTURE_AUTORELEASING = YES;
				CLANG_WARN_BOOL_CONVERSION = YES;
				CLANG_WARN_COMMA = YES;
				CLANG_WARN_CONSTANT_CONVERSION = YES;
				CLANG_WARN_DEPRECATED_OBJC_IMPLEMENTATIONS = YES;
				CLANG_WARN_DIRECT_OBJC_ISA_USAGE = YES_ERROR;
				CLANG_WARN_DOCUMENTATION_COMMENTS = YES;
				CLANG_WARN_EMPTY_BODY = YES;
				CLANG_WARN_ENUM_CONVERSION = YES;
				CLANG_WARN_INFINITE_RECURSION = YES;
				CLANG_WARN_INT_CONVERSION = YES;
				CLANG_WARN_NON_LITERAL_NULL_CONVERSION = YES;
				CLANG_WARN_OBJC_IMPLICIT_RETAIN_SELF = YES;
				CLANG_WARN_OBJC_LITERAL_CONVERSION = YES;
				CLANG_WARN_OBJC_ROOT_CLASS = YES_ERROR;
				CLANG_WARN_QUOTED_INCLUDE_IN_FRAMEWORK_HEADER = YES;
				CLANG_WARN_RANGE_LOOP_ANALYSIS = YES;
				CLANG_WARN_STRICT_PROTOTYPES = YES;
				CLANG_WARN_SUSPICIOUS_MOVE = YES;
				CLANG_WARN_UNGUARDED_AVAILABILITY = YES_AGGRESSIVE;
				CLANG_WARN_UNREACHABLE_CODE = YES;
				CLANG_WARN__DUPLICATE_METHOD_MATCH = YES;
				COPY_PHASE_STRIP = NO;
				DEBUG_INFORMATION_FORMAT = dwarf;
				ENABLE_STRICT_OBJC_MSGSEND = YES;
				ENABLE_TESTABILITY = YES;
				ENABLE_USER_SCRIPT_SANDBOXING = YES;
				GCC_C_LANGUAGE_STANDARD = gnu17;
				GCC_DYNAMIC_NO_PIC = NO;
				GCC_NO_COMMON_BLOCKS = YES;
				GCC_OPTIMIZATION_LEVEL = 0;
				GCC_PREPROCESSOR_DEFINITIONS = (
					"DEBUG=1",
					"$(inherited)",
				);
				GCC_WARN_64_TO_32_BIT_CONVERSION = YES;
				GCC_WARN_ABOUT_RETURN_TYPE = YES_ERROR;
				GCC_WARN_UNDECLARED_SELECTOR = YES;
				GCC_WARN_UNINITIALIZED_AUTOS = YES_AGGRESSIVE;
				GCC_WARN_UNUSED_FUNCTION = YES;
				GCC_WARN_UNUSED_VARIABLE = YES;
				IPHONEOS_DEPLOYMENT_TARGET = 17.0;
				LOCALIZATION_PREFERS_STRING_CATALOGS = YES;
				MTL_ENABLE_DEBUG_INFO = INCLUDE_SOURCE;
				MTL_FAST_MATH = YES;
				ONLY_ACTIVE_ARCH = YES;
				SDKROOT = iphoneos;
				SWIFT_ACTIVE_COMPILATION_CONDITIONS = "DEBUG $(inherited)";
				SWIFT_OPTIMIZATION_LEVEL = "-Onone";
			};
			name = Debug;
		};
		CA5F844B2AE87A030074301B /* Release */ = {
			isa = XCBuildConfiguration;
			buildSettings = {
				ALWAYS_SEARCH_USER_PATHS = NO;
				ASSETCATALOG_COMPILER_GENERATE_SWIFT_ASSET_SYMBOL_EXTENSIONS = YES;
				CLANG_ANALYZER_NONNULL = YES;
				CLANG_ANALYZER_NUMBER_OBJECT_CONVERSION = YES_AGGRESSIVE;
				CLANG_CXX_LANGUAGE_STANDARD = "gnu++20";
				CLANG_ENABLE_MODULES = YES;
				CLANG_ENABLE_OBJC_ARC = YES;
				CLANG_ENABLE_OBJC_WEAK = YES;
				CLANG_WARN_BLOCK_CAPTURE_AUTORELEASING = YES;
				CLANG_WARN_BOOL_CONVERSION = YES;
				CLANG_WARN_COMMA = YES;
				CLANG_WARN_CONSTANT_CONVERSION = YES;
				CLANG_WARN_DEPRECATED_OBJC_IMPLEMENTATIONS = YES;
				CLANG_WARN_DIRECT_OBJC_ISA_USAGE = YES_ERROR;
				CLANG_WARN_DOCUMENTATION_COMMENTS = YES;
				CLANG_WARN_EMPTY_BODY = YES;
				CLANG_WARN_ENUM_CONVERSION = YES;
				CLANG_WARN_INFINITE_RECURSION = YES;
				CLANG_WARN_INT_CONVERSION = YES;
				CLANG_WARN_NON_LITERAL_NULL_CONVERSION = YES;
				CLANG_WARN_OBJC_IMPLICIT_RETAIN_SELF = YES;
				CLANG_WARN_OBJC_LITERAL_CONVERSION = YES;
				CLANG_WARN_OBJC_ROOT_CLASS = YES_ERROR;
				CLANG_WARN_QUOTED_INCLUDE_IN_FRAMEWORK_HEADER = YES;
				CLANG_WARN_RANGE_LOOP_ANALYSIS = YES;
				CLANG_WARN_STRICT_PROTOTYPES = YES;
				CLANG_WARN_SUSPICIOUS_MOVE = YES;
				CLANG_WARN_UNGUARDED_AVAILABILITY = YES_AGGRESSIVE;
				CLANG_WARN_UNREACHABLE_CODE = YES;
				CLANG_WARN__DUPLICATE_METHOD_MATCH = YES;
				COPY_PHASE_STRIP = NO;
				DEBUG_INFORMATION_FORMAT = "dwarf-with-dsym";
				ENABLE_NS_ASSERTIONS = NO;
				ENABLE_STRICT_OBJC_MSGSEND = YES;
				ENABLE_USER_SCRIPT_SANDBOXING = YES;
				GCC_C_LANGUAGE_STANDARD = gnu17;
				GCC_NO_COMMON_BLOCKS = YES;
				GCC_WARN_64_TO_32_BIT_CONVERSION = YES;
				GCC_WARN_ABOUT_RETURN_TYPE = YES_ERROR;
				GCC_WARN_UNDECLARED_SELECTOR = YES;
				GCC_WARN_UNINITIALIZED_AUTOS = YES_AGGRESSIVE;
				GCC_WARN_UNUSED_FUNCTION = YES;
				GCC_WARN_UNUSED_VARIABLE = YES;
				IPHONEOS_DEPLOYMENT_TARGET = 17.0;
				LOCALIZATION_PREFERS_STRING_CATALOGS = YES;
				MTL_ENABLE_DEBUG_INFO = NO;
				MTL_FAST_MATH = YES;
				SDKROOT = iphoneos;
				SWIFT_COMPILATION_MODE = wholemodule;
				VALIDATE_PRODUCT = YES;
			};
			name = Release;
		};
		CA5F844D2AE87A030074301B /* Debug */ = {
			isa = XCBuildConfiguration;
			buildSettings = {
				ASSETCATALOG_COMPILER_APPICON_NAME = AppIcon;
				ASSETCATALOG_COMPILER_GLOBAL_ACCENT_COLOR_NAME = AccentColor;
				ASSETCATALOG_COMPILER_INCLUDE_ALL_APPICON_ASSETS = NO;
				CODE_SIGN_STYLE = Automatic;
				CURRENT_PROJECT_VERSION = 2;
				DEVELOPMENT_ASSET_PATHS = "\"ar_view/Preview Content\"";
				DEVELOPMENT_TEAM = Q7W98PL726;
				ENABLE_PREVIEWS = YES;
				GENERATE_INFOPLIST_FILE = YES;
				INFOPLIST_FILE = "ar-view-Info.plist";
				INFOPLIST_KEY_CFBundleDisplayName = "First Direction";
				INFOPLIST_KEY_NSCalendarsUsageDescription = "Add your events from personal calendar";
				INFOPLIST_KEY_NSCameraUsageDescription = "Needed to show AR View";
				INFOPLIST_KEY_UIApplicationSceneManifest_Generation = YES;
				INFOPLIST_KEY_UIApplicationSupportsIndirectInputEvents = YES;
				INFOPLIST_KEY_UILaunchScreen_Generation = YES;
				INFOPLIST_KEY_UISupportedInterfaceOrientations_iPad = "UIInterfaceOrientationPortrait UIInterfaceOrientationPortraitUpsideDown UIInterfaceOrientationLandscapeLeft UIInterfaceOrientationLandscapeRight";
				INFOPLIST_KEY_UISupportedInterfaceOrientations_iPhone = "UIInterfaceOrientationPortrait UIInterfaceOrientationLandscapeLeft UIInterfaceOrientationLandscapeRight";
				IPHONEOS_DEPLOYMENT_TARGET = 17.3;
				LD_RUNPATH_SEARCH_PATHS = (
					"$(inherited)",
					"@executable_path/Frameworks",
				);
				MARKETING_VERSION = 1.2;
				PRODUCT_BUNDLE_IDENTIFIER = "llock-INV-3";
				PRODUCT_NAME = "$(TARGET_NAME)";
				SWIFT_EMIT_LOC_STRINGS = YES;
				SWIFT_VERSION = 5.0;
				TARGETED_DEVICE_FAMILY = "1,2";
			};
			name = Debug;
		};
		CA5F844E2AE87A030074301B /* Release */ = {
			isa = XCBuildConfiguration;
			buildSettings = {
				ASSETCATALOG_COMPILER_APPICON_NAME = AppIcon;
				ASSETCATALOG_COMPILER_GLOBAL_ACCENT_COLOR_NAME = AccentColor;
				ASSETCATALOG_COMPILER_INCLUDE_ALL_APPICON_ASSETS = NO;
				CODE_SIGN_STYLE = Automatic;
				CURRENT_PROJECT_VERSION = 2;
				DEVELOPMENT_ASSET_PATHS = "\"ar_view/Preview Content\"";
				DEVELOPMENT_TEAM = Q7W98PL726;
				ENABLE_PREVIEWS = YES;
				GENERATE_INFOPLIST_FILE = YES;
				INFOPLIST_FILE = "ar-view-Info.plist";
				INFOPLIST_KEY_CFBundleDisplayName = "First Direction";
				INFOPLIST_KEY_NSCalendarsUsageDescription = "Add your events from personal calendar";
				INFOPLIST_KEY_NSCameraUsageDescription = "Needed to show AR View";
				INFOPLIST_KEY_UIApplicationSceneManifest_Generation = YES;
				INFOPLIST_KEY_UIApplicationSupportsIndirectInputEvents = YES;
				INFOPLIST_KEY_UILaunchScreen_Generation = YES;
				INFOPLIST_KEY_UISupportedInterfaceOrientations_iPad = "UIInterfaceOrientationPortrait UIInterfaceOrientationPortraitUpsideDown UIInterfaceOrientationLandscapeLeft UIInterfaceOrientationLandscapeRight";
				INFOPLIST_KEY_UISupportedInterfaceOrientations_iPhone = "UIInterfaceOrientationPortrait UIInterfaceOrientationLandscapeLeft UIInterfaceOrientationLandscapeRight";
				IPHONEOS_DEPLOYMENT_TARGET = 17.3;
				LD_RUNPATH_SEARCH_PATHS = (
					"$(inherited)",
					"@executable_path/Frameworks",
				);
				MARKETING_VERSION = 1.2;
				PRODUCT_BUNDLE_IDENTIFIER = "llock-INV-3";
				PRODUCT_NAME = "$(TARGET_NAME)";
				SWIFT_EMIT_LOC_STRINGS = YES;
				SWIFT_VERSION = 5.0;
				TARGETED_DEVICE_FAMILY = "1,2";
			};
			name = Release;
		};
		CA5F84502AE87A030074301B /* Debug */ = {
			isa = XCBuildConfiguration;
			buildSettings = {
				ALWAYS_EMBED_SWIFT_STANDARD_LIBRARIES = YES;
				BUNDLE_LOADER = "$(TEST_HOST)";
				CODE_SIGN_STYLE = Automatic;
				CURRENT_PROJECT_VERSION = 1;
				DEVELOPMENT_TEAM = CZDN5X5UP2;
				GENERATE_INFOPLIST_FILE = YES;
				IPHONEOS_DEPLOYMENT_TARGET = 17.0;
				MARKETING_VERSION = 1.0;
				PRODUCT_BUNDLE_IDENTIFIER = "fd.ar-viewTests";
				PRODUCT_NAME = "$(TARGET_NAME)";
				SWIFT_EMIT_LOC_STRINGS = NO;
				SWIFT_VERSION = 5.0;
				TARGETED_DEVICE_FAMILY = "1,2";
				TEST_HOST = "$(BUILT_PRODUCTS_DIR)/ar_view.app/$(BUNDLE_EXECUTABLE_FOLDER_PATH)/ar_view";
			};
			name = Debug;
		};
		CA5F84512AE87A030074301B /* Release */ = {
			isa = XCBuildConfiguration;
			buildSettings = {
				ALWAYS_EMBED_SWIFT_STANDARD_LIBRARIES = YES;
				BUNDLE_LOADER = "$(TEST_HOST)";
				CODE_SIGN_STYLE = Automatic;
				CURRENT_PROJECT_VERSION = 1;
				DEVELOPMENT_TEAM = CZDN5X5UP2;
				GENERATE_INFOPLIST_FILE = YES;
				IPHONEOS_DEPLOYMENT_TARGET = 17.0;
				MARKETING_VERSION = 1.0;
				PRODUCT_BUNDLE_IDENTIFIER = "fd.ar-viewTests";
				PRODUCT_NAME = "$(TARGET_NAME)";
				SWIFT_EMIT_LOC_STRINGS = NO;
				SWIFT_VERSION = 5.0;
				TARGETED_DEVICE_FAMILY = "1,2";
				TEST_HOST = "$(BUILT_PRODUCTS_DIR)/ar_view.app/$(BUNDLE_EXECUTABLE_FOLDER_PATH)/ar_view";
			};
			name = Release;
		};
		CA5F84532AE87A030074301B /* Debug */ = {
			isa = XCBuildConfiguration;
			buildSettings = {
				ALWAYS_EMBED_SWIFT_STANDARD_LIBRARIES = YES;
				CODE_SIGN_STYLE = Automatic;
				CURRENT_PROJECT_VERSION = 1;
				DEVELOPMENT_TEAM = CZDN5X5UP2;
				GENERATE_INFOPLIST_FILE = YES;
				MARKETING_VERSION = 1.0;
				PRODUCT_BUNDLE_IDENTIFIER = "fd.ar-viewUITests";
				PRODUCT_NAME = "$(TARGET_NAME)";
				SWIFT_EMIT_LOC_STRINGS = NO;
				SWIFT_VERSION = 5.0;
				TARGETED_DEVICE_FAMILY = "1,2";
				TEST_TARGET_NAME = ar_view;
			};
			name = Debug;
		};
		CA5F84542AE87A030074301B /* Release */ = {
			isa = XCBuildConfiguration;
			buildSettings = {
				ALWAYS_EMBED_SWIFT_STANDARD_LIBRARIES = YES;
				CODE_SIGN_STYLE = Automatic;
				CURRENT_PROJECT_VERSION = 1;
				DEVELOPMENT_TEAM = CZDN5X5UP2;
				GENERATE_INFOPLIST_FILE = YES;
				MARKETING_VERSION = 1.0;
				PRODUCT_BUNDLE_IDENTIFIER = "fd.ar-viewUITests";
				PRODUCT_NAME = "$(TARGET_NAME)";
				SWIFT_EMIT_LOC_STRINGS = NO;
				SWIFT_VERSION = 5.0;
				TARGETED_DEVICE_FAMILY = "1,2";
				TEST_TARGET_NAME = ar_view;
			};
			name = Release;
		};
/* End XCBuildConfiguration section */

/* Begin XCConfigurationList section */
		CA5F84232AE87A010074301B /* Build configuration list for PBXProject "ar_view" */ = {
			isa = XCConfigurationList;
			buildConfigurations = (
				CA5F844A2AE87A030074301B /* Debug */,
				CA5F844B2AE87A030074301B /* Release */,
			);
			defaultConfigurationIsVisible = 0;
			defaultConfigurationName = Release;
		};
		CA5F844C2AE87A030074301B /* Build configuration list for PBXNativeTarget "ar_view" */ = {
			isa = XCConfigurationList;
			buildConfigurations = (
				CA5F844D2AE87A030074301B /* Debug */,
				CA5F844E2AE87A030074301B /* Release */,
			);
			defaultConfigurationIsVisible = 0;
			defaultConfigurationName = Release;
		};
		CA5F844F2AE87A030074301B /* Build configuration list for PBXNativeTarget "ar_viewTests" */ = {
			isa = XCConfigurationList;
			buildConfigurations = (
				CA5F84502AE87A030074301B /* Debug */,
				CA5F84512AE87A030074301B /* Release */,
			);
			defaultConfigurationIsVisible = 0;
			defaultConfigurationName = Release;
		};
		CA5F84522AE87A030074301B /* Build configuration list for PBXNativeTarget "ar_viewUITests" */ = {
			isa = XCConfigurationList;
			buildConfigurations = (
				CA5F84532AE87A030074301B /* Debug */,
				CA5F84542AE87A030074301B /* Release */,
			);
			defaultConfigurationIsVisible = 0;
			defaultConfigurationName = Release;
		};
/* End XCConfigurationList section */

/* Begin XCRemoteSwiftPackageReference section */
		F00E7E682BAB53970085CB6A /* XCRemoteSwiftPackageReference "SSToastMessage" */ = {
			isa = XCRemoteSwiftPackageReference;
			repositoryURL = "https://github.com/SimformSolutionsPvtLtd/SSToastMessage.git";
			requirement = {
				kind = upToNextMajorVersion;
				minimumVersion = 1.0.0;
			};
		};
		F07B13282B9C0A150051763C /* XCRemoteSwiftPackageReference "CalendarKit" */ = {
			isa = XCRemoteSwiftPackageReference;
			repositoryURL = "https://github.com/richardtop/CalendarKit.git";
			requirement = {
				kind = upToNextMajorVersion;
				minimumVersion = 1.1.10;
			};
		};
/* End XCRemoteSwiftPackageReference section */

/* Begin XCSwiftPackageProductDependency section */
		F00E7E692BAB53970085CB6A /* SSToastMessage */ = {
			isa = XCSwiftPackageProductDependency;
			package = F00E7E682BAB53970085CB6A /* XCRemoteSwiftPackageReference "SSToastMessage" */;
			productName = SSToastMessage;
		};
		F07B132A2B9C0B110051763C /* CalendarKit */ = {
			isa = XCSwiftPackageProductDependency;
			package = F07B13282B9C0A150051763C /* XCRemoteSwiftPackageReference "CalendarKit" */;
			productName = CalendarKit;
		};
/* End XCSwiftPackageProductDependency section */
	};
	rootObject = CA5F84202AE87A010074301B /* Project object */;
}
